
Microsoft Visual Studio Solution File, Format Version 12.00
# Visual Studio Version 17
VisualStudioVersion = 17.3.32819.101
MinimumVisualStudioVersion = 10.0.40219.1
Project("{FAE04EC0-301F-11D3-BF4B-00C04F79EFBC}") = "TranscribeMe", "TranscribeMe.csproj", "{953CB39F-DC30-475A-B0AE-64938C530506}"
EndProject
Global
	GlobalSection(SolutionConfigurationPlatforms) = preSolution
		Debug|Any CPU = Debug|Any CPU
		Release|Any CPU = Release|Any CPU
	EndGlobalSection
	GlobalSection(ProjectConfigurationPlatforms) = postSolution
		{953CB39F-DC30-475A-B0AE-64938C530506}.Debug|Any CPU.ActiveCfg = Debug|Any CPU
		{953CB39F-DC30-475A-B0AE-64938C530506}.Debug|Any CPU.Build.0 = Debug|Any CPU
		{953CB39F-DC30-475A-B0AE-64938C530506}.Release|Any CPU.ActiveCfg = Release|Any CPU
		{953CB39F-DC30-475A-B0AE-64938C530506}.Release|Any CPU.Build.0 = Release|Any CPU
	EndGlobalSection
	GlobalSection(SolutionProperties) = preSolution
		HideSolutionNode = FALSE
	EndGlobalSection
	GlobalSection(ExtensibilityGlobals) = postSolution
		SolutionGuid = {EA9B491E-B396-4625-9200-E29851D4B093}
	EndGlobalSection
EndGlobal
